<?xml version="1.0" encoding="utf-8"?>
<Project ToolsVersion="4.0" xmlns="http://schemas.microsoft.com/developer/msbuild/2003">
  <ItemGroup>
    <Filter Include="源文件">
      <UniqueIdentifier>{4FC737F1-C7A5-4376-A066-2A32D752A2FF}</UniqueIdentifier>
      <Extensions>cpp;c;cc;cxx;def;odl;idl;hpj;bat;asm;asmx</Extensions>
    </Filter>
    <Filter Include="头文件">
      <UniqueIdentifier>{93995380-89BD-4b04-88EB-625FBE52EBFB}</UniqueIdentifier>
      <Extensions>h;hh;hpp;hxx;hm;inl;inc;ipp;xsd</Extensions>
    </Filter>
    <Filter Include="资源文件">
      <UniqueIdentifier>{67DA6AB6-F800-4c08-8B7A-83BB121AAD01}</UniqueIdentifier>
      <Extensions>rc;ico;cur;bmp;dlg;rc2;rct;bin;rgs;gif;jpg;jpeg;jpe;resx;tiff;tif;png;wav;mfcribbon-ms</Extensions>
    </Filter>
    <Filter Include="公共的类">
      <UniqueIdentifier>{b2dadb00-105c-4da4-8037-2e8e305700f7}</UniqueIdentifier>
    </Filter>
    <Filter Include="公共的类\ColorConvert">
      <UniqueIdentifier>{fcc2cf4f-4e3a-43e5-b5de-8fc074bd53ef}</UniqueIdentifier>
    </Filter>
    <Filter Include="公共的类\Common">
      <UniqueIdentifier>{e4ff66ed-5424-47b6-abe3-5d050e978e33}</UniqueIdentifier>
    </Filter>
    <Filter Include="公共的类\WindowsThemeColorApi">
      <UniqueIdentifier>{d37996ae-2b5d-4c63-8638-a90256031299}</UniqueIdentifier>
    </Filter>
  </ItemGroup>
  <ItemGroup>
    <ClInclude Include="WindowsThemeColorFixer.h">
      <Filter>头文件</Filter>
    </ClInclude>
    <ClInclude Include="WindowsThemeColorFixerDlg.h">
      <Filter>头文件</Filter>
    </ClInclude>
    <ClInclude Include="stdafx.h">
      <Filter>头文件</Filter>
    </ClInclude>
    <ClInclude Include="targetver.h">
      <Filter>头文件</Filter>
    </ClInclude>
    <ClInclude Include="Resource.h">
      <Filter>头文件</Filter>
    </ClInclude>
    <ClInclude Include="Common.h">
      <Filter>公共的类\Common</Filter>
    </ClInclude>
    <ClInclude Include="ColorConvert.h">
      <Filter>公共的类\ColorConvert</Filter>
    </ClInclude>
    <ClInclude Include="WindowsThemeColorApi.h">
      <Filter>公共的类\WindowsThemeColorApi</Filter>
    </ClInclude>
  </ItemGroup>
  <ItemGroup>
    <ClCompile Include="WindowsThemeColorFixer.cpp">
      <Filter>源文件</Filter>
    </ClCompile>
    <ClCompile Include="WindowsThemeColorFixerDlg.cpp">
      <Filter>源文件</Filter>
    </ClCompile>
    <ClCompile Include="stdafx.cpp">
      <Filter>源文件</Filter>
    </ClCompile>
    <ClCompile Include="Common.cpp">
      <Filter>公共的类\Common</Filter>
    </ClCompile>
    <ClCompile Include="ColorConvert.cpp">
      <Filter>公共的类\ColorConvert</Filter>
    </ClCompile>
    <ClCompile Include="WindowsThemeColorApi.cpp">
      <Filter>公共的类\WindowsThemeColorApi</Filter>
    </ClCompile>
  </ItemGroup>
  <ItemGroup>
    <ResourceCompile Include="WindowsThemeColorFixer.rc">
      <Filter>资源文件</Filter>
    </ResourceCompile>
  </ItemGroup>
  <ItemGroup>
    <None Include="res\WindowsThemeColorFixer.rc2">
      <Filter>资源文件</Filter>
    </None>
  </ItemGroup>
  <ItemGroup>
    <Image Include="res\WindowsThemeColorFixer.ico">
      <Filter>资源文件</Filter>
    </Image>
  </ItemGroup>
</Project>